// !$*UTF8*$!
{
	archiveVersion = 1;
	classes = {
	};
	objectVersion = 55;
	objects = {

/* Begin PBXBuildFile section */
		2512A0512853404D00AEE8BB /* main.cpp in Sources */ = {isa = PBXBuildFile; fileRef = 2512A0502853404D00AEE8BB /* main.cpp */; };
		2512A05C2853415700AEE8BB /* libsfml-audio.2.5.1.dylib in Frameworks */ = {isa = PBXBuildFile; fileRef = 2512A0582853415700AEE8BB /* libsfml-audio.2.5.1.dylib */; };
		2512A05D2853415700AEE8BB /* libsfml-graphics.2.5.1.dylib in Frameworks */ = {isa = PBXBuildFile; fileRef = 2512A0592853415700AEE8BB /* libsfml-graphics.2.5.1.dylib */; };
		2512A05E2853415700AEE8BB /* libsfml-window.2.5.1.dylib in Frameworks */ = {isa = PBXBuildFile; fileRef = 2512A05A2853415700AEE8BB /* libsfml-window.2.5.1.dylib */; };
		2512A05F2853415700AEE8BB /* libsfml-system.2.5.1.dylib in Frameworks */ = {isa = PBXBuildFile; fileRef = 2512A05B2853415700AEE8BB /* libsfml-system.2.5.1.dylib */; };
		2512A0622853437000AEE8BB /* State.cpp in Sources */ = {isa = PBXBuildFile; fileRef = 2512A0602853437000AEE8BB /* State.cpp */; };
/* End PBXBuildFile section */

/* Begin PBXCopyFilesBuildPhase section */
		2512A04B2853404D00AEE8BB /* CopyFiles */ = {
			isa = PBXCopyFilesBuildPhase;
			buildActionMask = 2147483647;
			dstPath = /usr/share/man/man1/;
			dstSubfolderSpec = 0;
			files = (
			);
			runOnlyForDeploymentPostprocessing = 1;
		};
/* End PBXCopyFilesBuildPhase section */

/* Begin PBXFileReference section */
		2512A04D2853404D00AEE8BB /* SFML TicTacToe */ = {isa = PBXFileReference; explicitFileType = "compiled.mach-o.executable"; includeInIndex = 0; path = "SFML TicTacToe"; sourceTree = BUILT_PRODUCTS_DIR; };
		2512A0502853404D00AEE8BB /* main.cpp */ = {isa = PBXFileReference; lastKnownFileType = sourcecode.cpp.cpp; path = main.cpp; sourceTree = "<group>"; };
		2512A0582853415700AEE8BB /* libsfml-audio.2.5.1.dylib */ = {isa = PBXFileReference; lastKnownFileType = "compiled.mach-o.dylib"; name = "libsfml-audio.2.5.1.dylib"; path = "../../../../../usr/local/Cellar/sfml/2.5.1_1/lib/libsfml-audio.2.5.1.dylib"; sourceTree = "<group>"; };
		2512A0592853415700AEE8BB /* libsfml-graphics.2.5.1.dylib */ = {isa = PBXFileReference; lastKnownFileType = "compiled.mach-o.dylib"; name = "libsfml-graphics.2.5.1.dylib"; path = "../../../../../usr/local/Cellar/sfml/2.5.1_1/lib/libsfml-graphics.2.5.1.dylib"; sourceTree = "<group>"; };
		2512A05A2853415700AEE8BB /* libsfml-window.2.5.1.dylib */ = {isa = PBXFileReference; lastKnownFileType = "compiled.mach-o.dylib"; name = "libsfml-window.2.5.1.dylib"; path = "../../../../../usr/local/Cellar/sfml/2.5.1_1/lib/libsfml-window.2.5.1.dylib"; sourceTree = "<group>"; };
		2512A05B2853415700AEE8BB /* libsfml-system.2.5.1.dylib */ = {isa = PBXFileReference; lastKnownFileType = "compiled.mach-o.dylib"; name = "libsfml-system.2.5.1.dylib"; path = "../../../../../usr/local/Cellar/sfml/2.5.1_1/lib/libsfml-system.2.5.1.dylib"; sourceTree = "<group>"; };
		2512A0602853437000AEE8BB /* State.cpp */ = {isa = PBXFileReference; lastKnownFileType = sourcecode.cpp.cpp; path = State.cpp; sourceTree = "<group>"; };
		2512A0612853437000AEE8BB /* State.hpp */ = {isa = PBXFileReference; lastKnownFileType = sourcecode.cpp.h; path = State.hpp; sourceTree = "<group>"; };
/* End PBXFileReference section */

/* Begin PBXFrameworksBuildPhase section */
		2512A04A2853404D00AEE8BB /* Frameworks */ = {
			isa = PBXFrameworksBuildPhase;
			buildActionMask = 2147483647;
			files = (
				2512A05C2853415700AEE8BB /* libsfml-audio.2.5.1.dylib in Frameworks */,
				2512A05D2853415700AEE8BB /* libsfml-graphics.2.5.1.dylib in Frameworks */,
				2512A05E2853415700AEE8BB /* libsfml-window.2.5.1.dylib in Frameworks */,
				2512A05F2853415700AEE8BB /* libsfml-system.2.5.1.dylib in Frameworks */,
			);
			runOnlyForDeploymentPostprocessing = 0;
		};
/* End PBXFrameworksBuildPhase section */

/* Begin PBXGroup section */
		2512A0442853404D00AEE8BB = {
			isa = PBXGroup;
			children = (
				2512A0572853415700AEE8BB /* Frameworks */,
				2512A04E2853404D00AEE8BB /* Products */,
				2512A04F2853404D00AEE8BB /* SFML TicTacToe */,
			);
			sourceTree = "<group>";
		};
		2512A04E2853404D00AEE8BB /* Products */ = {
			isa = PBXGroup;
			children = (
				2512A04D2853404D00AEE8BB /* SFML TicTacToe */,
			);
			name = Products;
			sourceTree = "<group>";
		};
		2512A04F2853404D00AEE8BB /* SFML TicTacToe */ = {
			isa = PBXGroup;
			children = (
				2512A06328534FC500AEE8BB /* src */,
				2512A06428534FD400AEE8BB /* inc */,
			);
			path = "SFML TicTacToe";
			sourceTree = "<group>";
		};
		2512A0572853415700AEE8BB /* Frameworks */ = {
			isa = PBXGroup;
			children = (
				2512A0582853415700AEE8BB /* libsfml-audio.2.5.1.dylib */,
				2512A0592853415700AEE8BB /* libsfml-graphics.2.5.1.dylib */,
				2512A05B2853415700AEE8BB /* libsfml-system.2.5.1.dylib */,
				2512A05A2853415700AEE8BB /* libsfml-window.2.5.1.dylib */,
			);
			name = Frameworks;
			sourceTree = "<group>";
		};
		2512A06328534FC500AEE8BB /* src */ = {
			isa = PBXGroup;
			children = (
				2512A0502853404D00AEE8BB /* main.cpp */,
				2512A0602853437000AEE8BB /* State.cpp */,
			);
			path = src;
			sourceTree = "<group>";
		};
		2512A06428534FD400AEE8BB /* inc */ = {
			isa = PBXGroup;
			children = (
				2512A0612853437000AEE8BB /* State.hpp */,
			);
			path = inc;
			sourceTree = "<group>";
		};
/* End PBXGroup section */

/* Begin PBXNativeTarget section */
		2512A04C2853404D00AEE8BB /* SFML TicTacToe */ = {
			isa = PBXNativeTarget;
			buildConfigurationList = 2512A0542853404D00AEE8BB /* Build configuration list for PBXNativeTarget "SFML TicTacToe" */;
			buildPhases = (
				2512A0492853404D00AEE8BB /* Sources */,
				2512A04A2853404D00AEE8BB /* Frameworks */,
				2512A04B2853404D00AEE8BB /* CopyFiles */,
			);
			buildRules = (
			);
			dependencies = (
			);
			name = "SFML TicTacToe";
			productName = "SFML TicTacToe";
			productReference = 2512A04D2853404D00AEE8BB /* SFML TicTacToe */;
			productType = "com.apple.product-type.tool";
		};
/* End PBXNativeTarget section */

/* Begin PBXProject section */
		2512A0452853404D00AEE8BB /* Project object */ = {
			isa = PBXProject;
			attributes = {
				BuildIndependentTargetsInParallel = 1;
				LastUpgradeCheck = 1340;
				TargetAttributes = {
					2512A04C2853404D00AEE8BB = {
						CreatedOnToolsVersion = 13.4.1;
					};
				};
			};
			buildConfigurationList = 2512A0482853404D00AEE8BB /* Build configuration list for PBXProject "SFML TicTacToe" */;
			compatibilityVersion = "Xcode 13.0";
			developmentRegion = en;
			hasScannedForEncodings = 0;
			knownRegions = (
				en,
				Base,
			);
			mainGroup = 2512A0442853404D00AEE8BB;
			productRefGroup = 2512A04E2853404D00AEE8BB /* Products */;
			projectDirPath = "";
			projectRoot = "";
			targets = (
				2512A04C2853404D00AEE8BB /* SFML TicTacToe */,
			);
		};
/* End PBXProject section */

/* Begin PBXSourcesBuildPhase section */
		2512A0492853404D00AEE8BB /* Sources */ = {
			isa = PBXSourcesBuildPhase;
			buildActionMask = 2147483647;
			files = (
				2512A0512853404D00AEE8BB /* main.cpp in Sources */,
				2512A0622853437000AEE8BB /* State.cpp in Sources */,
			);
			runOnlyForDeploymentPostprocessing = 0;
		};
/* End PBXSourcesBuildPhase section */

/* Begin XCBuildConfiguration section */
		2512A0522853404D00AEE8BB /* Debug */ = {
			isa = XCBuildConfiguration;
			buildSettings = {
				ALWAYS_SEARCH_USER_PATHS = NO;
				CLANG_ANALYZER_NONNULL = YES;
				CLANG_ANALYZER_NUMBER_OBJECT_CONVERSION = YES_AGGRESSIVE;
				CLANG_CXX_LANGUAGE_STANDARD = "gnu++17";
				CLANG_ENABLE_MODULES = YES;
				CLANG_ENABLE_OBJC_ARC = YES;
				CLANG_ENABLE_OBJC_WEAK = YES;
				CLANG_WARN_BLOCK_CAPTURE_AUTORELEASING = YES;
				CLANG_WARN_BOOL_CONVERSION = YES;
				CLANG_WARN_COMMA = YES;
				CLANG_WARN_CONSTANT_CONVERSION = YES;
				CLANG_WARN_DEPRECATED_OBJC_IMPLEMENTATIONS = YES;
				CLANG_WARN_DIRECT_OBJC_ISA_USAGE = YES_ERROR;
				CLANG_WARN_DOCUMENTATION_COMMENTS = YES;
				CLANG_WARN_EMPTY_BODY = YES;
				CLANG_WARN_ENUM_CONVERSION = YES;
				CLANG_WARN_INFINITE_RECURSION = YES;
				CLANG_WARN_INT_CONVERSION = YES;
				CLANG_WARN_NON_LITERAL_NULL_CONVERSION = YES;
				CLANG_WARN_OBJC_IMPLICIT_RETAIN_SELF = YES;
				CLANG_WARN_OBJC_LITERAL_CONVERSION = YES;
				CLANG_WARN_OBJC_ROOT_CLASS = YES_ERROR;
				CLANG_WARN_QUOTED_INCLUDE_IN_FRAMEWORK_HEADER = YES;
				CLANG_WARN_RANGE_LOOP_ANALYSIS = YES;
				CLANG_WARN_STRICT_PROTOTYPES = YES;
				CLANG_WARN_SUSPICIOUS_MOVE = YES;
				CLANG_WARN_UNGUARDED_AVAILABILITY = YES_AGGRESSIVE;
				CLANG_WARN_UNREACHABLE_CODE = YES;
				CLANG_WARN__DUPLICATE_METHOD_MATCH = YES;
				COPY_PHASE_STRIP = NO;
				DEBUG_INFORMATION_FORMAT = dwarf;
				ENABLE_STRICT_OBJC_MSGSEND = YES;
				ENABLE_TESTABILITY = YES;
				GCC_C_LANGUAGE_STANDARD = gnu11;
				GCC_DYNAMIC_NO_PIC = NO;
				GCC_NO_COMMON_BLOCKS = YES;
				GCC_OPTIMIZATION_LEVEL = 0;
				GCC_PREPROCESSOR_DEFINITIONS = (
					"DEBUG=1",
					"$(inherited)",
				);
				GCC_WARN_64_TO_32_BIT_CONVERSION = YES;
				GCC_WARN_ABOUT_RETURN_TYPE = YES_ERROR;
				GCC_WARN_UNDECLARED_SELECTOR = YES;
				GCC_WARN_UNINITIALIZED_AUTOS = YES_AGGRESSIVE;
				GCC_WARN_UNUSED_FUNCTION = YES;
				GCC_WARN_UNUSED_VARIABLE = YES;
				MACOSX_DEPLOYMENT_TARGET = 12.3;
				MTL_ENABLE_DEBUG_INFO = INCLUDE_SOURCE;
				MTL_FAST_MATH = YES;
				ONLY_ACTIVE_ARCH = YES;
				SDKROOT = macosx;
			};
			name = Debug;
		};
		2512A0532853404D00AEE8BB /* Release */ = {
			isa = XCBuildConfiguration;
			buildSettings = {
				ALWAYS_SEARCH_USER_PATHS = NO;
				CLANG_ANALYZER_NONNULL = YES;
				CLANG_ANALYZER_NUMBER_OBJECT_CONVERSION = YES_AGGRESSIVE;
				CLANG_CXX_LANGUAGE_STANDARD = "gnu++17";
				CLANG_ENABLE_MODULES = YES;
				CLANG_ENABLE_OBJC_ARC = YES;
				CLANG_ENABLE_OBJC_WEAK = YES;
				CLANG_WARN_BLOCK_CAPTURE_AUTORELEASING = YES;
				CLANG_WARN_BOOL_CONVERSION = YES;
				CLANG_WARN_COMMA = YES;
				CLANG_WARN_CONSTANT_CONVERSION = YES;
				CLANG_WARN_DEPRECATED_OBJC_IMPLEMENTATIONS = YES;
				CLANG_WARN_DIRECT_OBJC_ISA_USAGE = YES_ERROR;
				CLANG_WARN_DOCUMENTATION_COMMENTS = YES;
				CLANG_WARN_EMPTY_BODY = YES;
				CLANG_WARN_ENUM_CONVERSION = YES;
				CLANG_WARN_INFINITE_RECURSION = YES;
				CLANG_WARN_INT_CONVERSION = YES;
				CLANG_WARN_NON_LITERAL_NULL_CONVERSION = YES;
				CLANG_WARN_OBJC_IMPLICIT_RETAIN_SELF = YES;
				CLANG_WARN_OBJC_LITERAL_CONVERSION = YES;
				CLANG_WARN_OBJC_ROOT_CLASS = YES_ERROR;
				CLANG_WARN_QUOTED_INCLUDE_IN_FRAMEWORK_HEADER = YES;
				CLANG_WARN_RANGE_LOOP_ANALYSIS = YES;
				CLANG_WARN_STRICT_PROTOTYPES = YES;
				CLANG_WARN_SUSPICIOUS_MOVE = YES;
				CLANG_WARN_UNGUARDED_AVAILABILITY = YES_AGGRESSIVE;
				CLANG_WARN_UNREACHABLE_CODE = YES;
				CLANG_WARN__DUPLICATE_METHOD_MATCH = YES;
				COPY_PHASE_STRIP = NO;
				DEBUG_INFORMATION_FORMAT = "dwarf-with-dsym";
				ENABLE_NS_ASSERTIONS = NO;
				ENABLE_STRICT_OBJC_MSGSEND = YES;
				GCC_C_LANGUAGE_STANDARD = gnu11;
				GCC_NO_COMMON_BLOCKS = YES;
				GCC_WARN_64_TO_32_BIT_CONVERSION = YES;
				GCC_WARN_ABOUT_RETURN_TYPE = YES_ERROR;
				GCC_WARN_UNDECLARED_SELECTOR = YES;
				GCC_WARN_UNINITIALIZED_AUTOS = YES_AGGRESSIVE;
				GCC_WARN_UNUSED_FUNCTION = YES;
				GCC_WARN_UNUSED_VARIABLE = YES;
				MACOSX_DEPLOYMENT_TARGET = 12.3;
				MTL_ENABLE_DEBUG_INFO = NO;
				MTL_FAST_MATH = YES;
				SDKROOT = macosx;
			};
			name = Release;
		};
		2512A0552853404D00AEE8BB /* Debug */ = {
			isa = XCBuildConfiguration;
			buildSettings = {
				CODE_SIGN_STYLE = Automatic;
				DEVELOPMENT_TEAM = Q6DXJ6J4G8;
				ENABLE_HARDENED_RUNTIME = YES;
				HEADER_SEARCH_PATHS = /usr/local/include;
				LIBRARY_SEARCH_PATHS = (
					"$(inherited)",
					/usr/local/Cellar/sfml/2.5.1_1/lib,
				);
				PRODUCT_NAME = "$(TARGET_NAME)";
			};
			name = Debug;
		};
		2512A0562853404D00AEE8BB /* Release */ = {
			isa = XCBuildConfiguration;
			buildSettings = {
				CODE_SIGN_STYLE = Automatic;
				DEVELOPMENT_TEAM = Q6DXJ6J4G8;
				ENABLE_HARDENED_RUNTIME = YES;
				HEADER_SEARCH_PATHS = /usr/local/include;
				LIBRARY_SEARCH_PATHS = (
					"$(inherited)",
					/usr/local/Cellar/sfml/2.5.1_1/lib,
				);
				PRODUCT_NAME = "$(TARGET_NAME)";
			};
			name = Release;
		};
/* End XCBuildConfiguration section */

/* Begin XCConfigurationList section */
		2512A0482853404D00AEE8BB /* Build configuration list for PBXProject "SFML TicTacToe" */ = {
			isa = XCConfigurationList;
			buildConfigurations = (
				2512A0522853404D00AEE8BB /* Debug */,
				2512A0532853404D00AEE8BB /* Release */,
			);
			defaultConfigurationIsVisible = 0;
			defaultConfigurationName = Release;
		};
		2512A0542853404D00AEE8BB /* Build configuration list for PBXNativeTarget "SFML TicTacToe" */ = {
			isa = XCConfigurationList;
			buildConfigurations = (
				2512A0552853404D00AEE8BB /* Debug */,
				2512A0562853404D00AEE8BB /* Release */,
			);
			defaultConfigurationIsVisible = 0;
			defaultConfigurationName = Release;
		};
/* End XCConfigurationList section */
	};
	rootObject = 2512A0452853404D00AEE8BB /* Project object */;
}
