// !$*UTF8*$!
{
	archiveVersion = 1;
	classes = {
	};
	objectVersion = 55;
	objects = {

/* Begin PBXBuildFile section */
		2512A0512853404D00AEE8BB /* main.cpp in Sources */ = {isa = PBXBuildFile; fileRef = 2512A0502853404D00AEE8BB /* main.cpp */; };
		2512A05C2853415700AEE8BB /* libsfml-audio.2.5.1.dylib in Frameworks */ = {isa = PBXBuildFile; fileRef = 2512A0582853415700AEE8BB /* libsfml-audio.2.5.1.dylib */; };
		2512A05D2853415700AEE8BB /* libsfml-graphics.2.5.1.dylib in Frameworks */ = {isa = PBXBuildFile; fileRef = 2512A0592853415700AEE8BB /* libsfml-graphics.2.5.1.dylib */; };
		2512A05E2853415700AEE8BB /* libsfml-window.2.5.1.dylib in Frameworks */ = {isa = PBXBuildFile; fileRef = 2512A05A2853415700AEE8BB /* libsfml-window.2.5.1.dylib */; };
		2512A05F2853415700AEE8BB /* libsfml-system.2.5.1.dylib in Frameworks */ = {isa = PBXBuildFile; fileRef = 2512A05B2853415700AEE8BB /* libsfml-system.2.5.1.dylib */; };
		2512A0622853437000AEE8BB /* State.cpp in Sources */ = {isa = PBXBuildFile; fileRef = 2512A0602853437000AEE8BB /* State.cpp */; };
		2512A07A28536F0B00AEE8BB /* StateMachine.cpp in Sources */ = {isa = PBXBuildFile; fileRef = 2512A07828536F0B00AEE8BB /* StateMachine.cpp */; };
		2512A07D285377EA00AEE8BB /* AssetManager.cpp in Sources */ = {isa = PBXBuildFile; fileRef = 2512A07B285377EA00AEE8BB /* AssetManager.cpp */; };
		25AF6B6D28538D900046BB85 /* InputManager.cpp in Sources */ = {isa = PBXBuildFile; fileRef = 25AF6B6B28538D900046BB85 /* InputManager.cpp */; };
		25AF6B70285390740046BB85 /* Game.cpp in Sources */ = {isa = PBXBuildFile; fileRef = 25AF6B6E285390740046BB85 /* Game.cpp */; };
		25AF6B912853A3A00046BB85 /* StateSplash.cpp in Sources */ = {isa = PBXBuildFile; fileRef = 25AF6B8F2853A3A00046BB85 /* StateSplash.cpp */; };
		25AF6B942857B3890046BB85 /* StateMainMenu.cpp in Sources */ = {isa = PBXBuildFile; fileRef = 25AF6B922857B3890046BB85 /* StateMainMenu.cpp */; };
		25AF6B972857BD9E0046BB85 /* StateGame.cpp in Sources */ = {isa = PBXBuildFile; fileRef = 25AF6B952857BD9E0046BB85 /* StateGame.cpp */; };
		25AF6B9A2857C65A0046BB85 /* StatePause.cpp in Sources */ = {isa = PBXBuildFile; fileRef = 25AF6B982857C65A0046BB85 /* StatePause.cpp */; };
		25AF6B9D2857DD9F0046BB85 /* StateEndGame.cpp in Sources */ = {isa = PBXBuildFile; fileRef = 25AF6B9B2857DD9F0046BB85 /* StateEndGame.cpp */; };
		25AF6BA02857E74B0046BB85 /* StateSettings.cpp in Sources */ = {isa = PBXBuildFile; fileRef = 25AF6B9E2857E74B0046BB85 /* StateSettings.cpp */; };
/* End PBXBuildFile section */

/* Begin PBXCopyFilesBuildPhase section */
		2512A04B2853404D00AEE8BB /* CopyFiles */ = {
			isa = PBXCopyFilesBuildPhase;
			buildActionMask = 2147483647;
			dstPath = /usr/share/man/man1/;
			dstSubfolderSpec = 0;
			files = (
			);
			runOnlyForDeploymentPostprocessing = 1;
		};
/* End PBXCopyFilesBuildPhase section */

/* Begin PBXFileReference section */
		2512A04D2853404D00AEE8BB /* SFML TicTacToe */ = {isa = PBXFileReference; explicitFileType = "compiled.mach-o.executable"; includeInIndex = 0; path = "SFML TicTacToe"; sourceTree = BUILT_PRODUCTS_DIR; };
		2512A0502853404D00AEE8BB /* main.cpp */ = {isa = PBXFileReference; lastKnownFileType = sourcecode.cpp.cpp; path = main.cpp; sourceTree = "<group>"; };
		2512A0582853415700AEE8BB /* libsfml-audio.2.5.1.dylib */ = {isa = PBXFileReference; lastKnownFileType = "compiled.mach-o.dylib"; name = "libsfml-audio.2.5.1.dylib"; path = "../../../../../usr/local/Cellar/sfml/2.5.1_1/lib/libsfml-audio.2.5.1.dylib"; sourceTree = "<group>"; };
		2512A0592853415700AEE8BB /* libsfml-graphics.2.5.1.dylib */ = {isa = PBXFileReference; lastKnownFileType = "compiled.mach-o.dylib"; name = "libsfml-graphics.2.5.1.dylib"; path = "../../../../../usr/local/Cellar/sfml/2.5.1_1/lib/libsfml-graphics.2.5.1.dylib"; sourceTree = "<group>"; };
		2512A05A2853415700AEE8BB /* libsfml-window.2.5.1.dylib */ = {isa = PBXFileReference; lastKnownFileType = "compiled.mach-o.dylib"; name = "libsfml-window.2.5.1.dylib"; path = "../../../../../usr/local/Cellar/sfml/2.5.1_1/lib/libsfml-window.2.5.1.dylib"; sourceTree = "<group>"; };
		2512A05B2853415700AEE8BB /* libsfml-system.2.5.1.dylib */ = {isa = PBXFileReference; lastKnownFileType = "compiled.mach-o.dylib"; name = "libsfml-system.2.5.1.dylib"; path = "../../../../../usr/local/Cellar/sfml/2.5.1_1/lib/libsfml-system.2.5.1.dylib"; sourceTree = "<group>"; };
		2512A0602853437000AEE8BB /* State.cpp */ = {isa = PBXFileReference; lastKnownFileType = sourcecode.cpp.cpp; path = State.cpp; sourceTree = "<group>"; };
		2512A0612853437000AEE8BB /* State.hpp */ = {isa = PBXFileReference; lastKnownFileType = sourcecode.cpp.h; path = State.hpp; sourceTree = "<group>"; };
		2512A07828536F0B00AEE8BB /* StateMachine.cpp */ = {isa = PBXFileReference; lastKnownFileType = sourcecode.cpp.cpp; path = StateMachine.cpp; sourceTree = "<group>"; };
		2512A07928536F0B00AEE8BB /* StateMachine.hpp */ = {isa = PBXFileReference; lastKnownFileType = sourcecode.cpp.h; path = StateMachine.hpp; sourceTree = "<group>"; };
		2512A07B285377EA00AEE8BB /* AssetManager.cpp */ = {isa = PBXFileReference; lastKnownFileType = sourcecode.cpp.cpp; path = AssetManager.cpp; sourceTree = "<group>"; };
		2512A07C285377EA00AEE8BB /* AssetManager.hpp */ = {isa = PBXFileReference; lastKnownFileType = sourcecode.cpp.h; path = AssetManager.hpp; sourceTree = "<group>"; };
		25AF6B6B28538D900046BB85 /* InputManager.cpp */ = {isa = PBXFileReference; lastKnownFileType = sourcecode.cpp.cpp; path = InputManager.cpp; sourceTree = "<group>"; };
		25AF6B6C28538D900046BB85 /* InputManager.hpp */ = {isa = PBXFileReference; lastKnownFileType = sourcecode.cpp.h; path = InputManager.hpp; sourceTree = "<group>"; };
		25AF6B6E285390740046BB85 /* Game.cpp */ = {isa = PBXFileReference; lastKnownFileType = sourcecode.cpp.cpp; path = Game.cpp; sourceTree = "<group>"; };
		25AF6B6F285390740046BB85 /* Game.hpp */ = {isa = PBXFileReference; lastKnownFileType = sourcecode.cpp.h; path = Game.hpp; sourceTree = "<group>"; };
		25AF6B8228539FE40046BB85 /* Home Button.png */ = {isa = PBXFileReference; lastKnownFileType = image.png; path = "Home Button.png"; sourceTree = "<group>"; };
		25AF6B8328539FE40046BB85 /* O.png */ = {isa = PBXFileReference; lastKnownFileType = image.png; path = O.png; sourceTree = "<group>"; };
		25AF6B8628539FE40046BB85 /* X.png */ = {isa = PBXFileReference; lastKnownFileType = image.png; path = X.png; sourceTree = "<group>"; };
		25AF6B8728539FF00046BB85 /* arial.ttf */ = {isa = PBXFileReference; lastKnownFileType = file; path = arial.ttf; sourceTree = "<group>"; };
		25AF6B8828539FF00046BB85 /* Marker Felt.ttf */ = {isa = PBXFileReference; lastKnownFileType = file; path = "Marker Felt.ttf"; sourceTree = "<group>"; };
		25AF6B8A2853A2350046BB85 /* Definitions.hpp */ = {isa = PBXFileReference; lastKnownFileType = sourcecode.cpp.h; name = Definitions.hpp; path = "SFML TicTacToe/src/Definitions.hpp"; sourceTree = SOURCE_ROOT; };
		25AF6B8F2853A3A00046BB85 /* StateSplash.cpp */ = {isa = PBXFileReference; lastKnownFileType = sourcecode.cpp.cpp; path = StateSplash.cpp; sourceTree = "<group>"; };
		25AF6B902853A3A00046BB85 /* StateSplash.hpp */ = {isa = PBXFileReference; lastKnownFileType = sourcecode.cpp.h; path = StateSplash.hpp; sourceTree = "<group>"; };
		25AF6B922857B3890046BB85 /* StateMainMenu.cpp */ = {isa = PBXFileReference; lastKnownFileType = sourcecode.cpp.cpp; path = StateMainMenu.cpp; sourceTree = "<group>"; };
		25AF6B932857B3890046BB85 /* StateMainMenu.hpp */ = {isa = PBXFileReference; lastKnownFileType = sourcecode.cpp.h; path = StateMainMenu.hpp; sourceTree = "<group>"; };
		25AF6B952857BD9E0046BB85 /* StateGame.cpp */ = {isa = PBXFileReference; lastKnownFileType = sourcecode.cpp.cpp; path = StateGame.cpp; sourceTree = "<group>"; };
		25AF6B962857BD9E0046BB85 /* StateGame.hpp */ = {isa = PBXFileReference; lastKnownFileType = sourcecode.cpp.h; path = StateGame.hpp; sourceTree = "<group>"; };
		25AF6B982857C65A0046BB85 /* StatePause.cpp */ = {isa = PBXFileReference; lastKnownFileType = sourcecode.cpp.cpp; path = StatePause.cpp; sourceTree = "<group>"; };
		25AF6B992857C65A0046BB85 /* StatePause.hpp */ = {isa = PBXFileReference; lastKnownFileType = sourcecode.cpp.h; path = StatePause.hpp; sourceTree = "<group>"; };
		25AF6B9B2857DD9F0046BB85 /* StateEndGame.cpp */ = {isa = PBXFileReference; lastKnownFileType = sourcecode.cpp.cpp; path = StateEndGame.cpp; sourceTree = "<group>"; };
		25AF6B9C2857DD9F0046BB85 /* StateEndGame.hpp */ = {isa = PBXFileReference; lastKnownFileType = sourcecode.cpp.h; path = StateEndGame.hpp; sourceTree = "<group>"; };
		25AF6B9E2857E74B0046BB85 /* StateSettings.cpp */ = {isa = PBXFileReference; lastKnownFileType = sourcecode.cpp.cpp; path = StateSettings.cpp; sourceTree = "<group>"; };
		25AF6B9F2857E74B0046BB85 /* StateSettings.hpp */ = {isa = PBXFileReference; lastKnownFileType = sourcecode.cpp.h; path = StateSettings.hpp; sourceTree = "<group>"; };
		25B77EE9285CAF9B00C6E43F /* Grid 6.png */ = {isa = PBXFileReference; lastKnownFileType = image.png; path = "Grid 6.png"; sourceTree = "<group>"; };
		25B77EEA285CB62400C6E43F /* Grid 4.png */ = {isa = PBXFileReference; lastKnownFileType = image.png; path = "Grid 4.png"; sourceTree = "<group>"; };
		25B77EEB285CB7B300C6E43F /* Grid 5.png */ = {isa = PBXFileReference; lastKnownFileType = image.png; path = "Grid 5.png"; sourceTree = "<group>"; };
		25B77EEC285CBAEB00C6E43F /* Title.png */ = {isa = PBXFileReference; lastKnownFileType = image.png; path = Title.png; sourceTree = "<group>"; };
		25B77EED285CBB6100C6E43F /* Splash_back.png */ = {isa = PBXFileReference; lastKnownFileType = image.png; path = Splash_back.png; sourceTree = "<group>"; };
		25B77EEE285CBC3A00C6E43F /* Game.png */ = {isa = PBXFileReference; lastKnownFileType = image.png; path = Game.png; sourceTree = "<group>"; };
		25B77EEF285CBC3A00C6E43F /* Menu.png */ = {isa = PBXFileReference; lastKnownFileType = image.png; path = Menu.png; sourceTree = "<group>"; };
		25B77EF0285CBE2800C6E43F /* Title_Pause.png */ = {isa = PBXFileReference; lastKnownFileType = image.png; path = Title_Pause.png; sourceTree = "<group>"; };
		25B77EF1285CCB5500C6E43F /* Menu 2.png */ = {isa = PBXFileReference; lastKnownFileType = image.png; path = "Menu 2.png"; sourceTree = "<group>"; };
		25B77EF2285CCB5500C6E43F /* Game 2.png */ = {isa = PBXFileReference; lastKnownFileType = image.png; path = "Game 2.png"; sourceTree = "<group>"; };
		25B77EF5285CD9FC00C6E43F /* X_Win.png */ = {isa = PBXFileReference; lastKnownFileType = image.png; path = X_Win.png; sourceTree = "<group>"; };
		25B77EF6285CD9FC00C6E43F /* O_Win.png */ = {isa = PBXFileReference; lastKnownFileType = image.png; path = O_Win.png; sourceTree = "<group>"; };
		25B77EF7285CDCDC00C6E43F /* Pause_Button.png */ = {isa = PBXFileReference; lastKnownFileType = image.png; path = Pause_Button.png; sourceTree = "<group>"; };
		25B77EF8285CDE2E00C6E43F /* Play Button.png */ = {isa = PBXFileReference; lastKnownFileType = image.png; name = "Play Button.png"; path = "Build/Files/Debug/Resources/UI/Play Button.png"; sourceTree = SOURCE_ROOT; };
		25B77EFA285CE2A500C6E43F /* Title_Settings.png */ = {isa = PBXFileReference; lastKnownFileType = image.png; path = Title_Settings.png; sourceTree = "<group>"; };
		25B77EFB285CE44D00C6E43F /* Plus_Button.png */ = {isa = PBXFileReference; lastKnownFileType = image.png; path = Plus_Button.png; sourceTree = "<group>"; };
		25B77EFC285CE44D00C6E43F /* Minus_Button.png */ = {isa = PBXFileReference; lastKnownFileType = image.png; path = Minus_Button.png; sourceTree = "<group>"; };
		25B77EFD285CE83600C6E43F /* Settings Button.png */ = {isa = PBXFileReference; lastKnownFileType = image.png; path = "Settings Button.png"; sourceTree = "<group>"; };
		25B77EFE285CF42600C6E43F /* Title_O_Win.png */ = {isa = PBXFileReference; lastKnownFileType = image.png; path = Title_O_Win.png; sourceTree = "<group>"; };
		25B77EFF285CF42600C6E43F /* Title_X_Win.png */ = {isa = PBXFileReference; lastKnownFileType = image.png; path = Title_X_Win.png; sourceTree = "<group>"; };
		25B77F00285CF9B500C6E43F /* Title_Draw.png */ = {isa = PBXFileReference; lastKnownFileType = image.png; path = Title_Draw.png; sourceTree = "<group>"; };
		25B77F01285CFF2A00C6E43F /* Title_Grid_Size.png */ = {isa = PBXFileReference; lastKnownFileType = image.png; path = Title_Grid_Size.png; sourceTree = "<group>"; };
		25B77F03285D032400C6E43F /* Display_3.png */ = {isa = PBXFileReference; lastKnownFileType = image.png; path = Display_3.png; sourceTree = "<group>"; };
		25B77F04285D04A300C6E43F /* Display_5.png */ = {isa = PBXFileReference; lastKnownFileType = image.png; path = Display_5.png; sourceTree = "<group>"; };
		25B77F05285D04A300C6E43F /* Display_6.png */ = {isa = PBXFileReference; lastKnownFileType = image.png; path = Display_6.png; sourceTree = "<group>"; };
		25B77F06285D04A300C6E43F /* Display_4.png */ = {isa = PBXFileReference; lastKnownFileType = image.png; path = Display_4.png; sourceTree = "<group>"; };
		25B77F07285D059100C6E43F /* Replay_Button.png */ = {isa = PBXFileReference; lastKnownFileType = image.png; path = Replay_Button.png; sourceTree = "<group>"; };
		25B77F08285D071500C6E43F /* Grid 3.png */ = {isa = PBXFileReference; lastKnownFileType = image.png; path = "Grid 3.png"; sourceTree = "<group>"; };
/* End PBXFileReference section */

/* Begin PBXFrameworksBuildPhase section */
		2512A04A2853404D00AEE8BB /* Frameworks */ = {
			isa = PBXFrameworksBuildPhase;
			buildActionMask = 2147483647;
			files = (
				2512A05C2853415700AEE8BB /* libsfml-audio.2.5.1.dylib in Frameworks */,
				2512A05D2853415700AEE8BB /* libsfml-graphics.2.5.1.dylib in Frameworks */,
				2512A05E2853415700AEE8BB /* libsfml-window.2.5.1.dylib in Frameworks */,
				2512A05F2853415700AEE8BB /* libsfml-system.2.5.1.dylib in Frameworks */,
			);
			runOnlyForDeploymentPostprocessing = 0;
		};
/* End PBXFrameworksBuildPhase section */

/* Begin PBXGroup section */
		2512A0442853404D00AEE8BB = {
			isa = PBXGroup;
			children = (
				2512A0572853415700AEE8BB /* Frameworks */,
				2512A04E2853404D00AEE8BB /* Products */,
				2512A04F2853404D00AEE8BB /* SFML TicTacToe */,
			);
			sourceTree = "<group>";
		};
		2512A04E2853404D00AEE8BB /* Products */ = {
			isa = PBXGroup;
			children = (
				2512A04D2853404D00AEE8BB /* SFML TicTacToe */,
			);
			name = Products;
			sourceTree = "<group>";
		};
		2512A04F2853404D00AEE8BB /* SFML TicTacToe */ = {
			isa = PBXGroup;
			children = (
				25AF6B712853977D0046BB85 /* Resources */,
				2512A06328534FC500AEE8BB /* src */,
				2512A06428534FD400AEE8BB /* inc */,
			);
			path = "SFML TicTacToe";
			sourceTree = "<group>";
		};
		2512A0572853415700AEE8BB /* Frameworks */ = {
			isa = PBXGroup;
			children = (
				2512A0582853415700AEE8BB /* libsfml-audio.2.5.1.dylib */,
				2512A0592853415700AEE8BB /* libsfml-graphics.2.5.1.dylib */,
				2512A05B2853415700AEE8BB /* libsfml-system.2.5.1.dylib */,
				2512A05A2853415700AEE8BB /* libsfml-window.2.5.1.dylib */,
			);
			name = Frameworks;
			sourceTree = "<group>";
		};
		2512A06328534FC500AEE8BB /* src */ = {
			isa = PBXGroup;
			children = (
				2512A0502853404D00AEE8BB /* main.cpp */,
				25AF6B6B28538D900046BB85 /* InputManager.cpp */,
				2512A07B285377EA00AEE8BB /* AssetManager.cpp */,
				25AF6B6E285390740046BB85 /* Game.cpp */,
				2512A0602853437000AEE8BB /* State.cpp */,
				2512A07828536F0B00AEE8BB /* StateMachine.cpp */,
				25AF6B8F2853A3A00046BB85 /* StateSplash.cpp */,
				25AF6B922857B3890046BB85 /* StateMainMenu.cpp */,
				25AF6B9E2857E74B0046BB85 /* StateSettings.cpp */,
				25AF6B952857BD9E0046BB85 /* StateGame.cpp */,
				25AF6B982857C65A0046BB85 /* StatePause.cpp */,
				25AF6B9B2857DD9F0046BB85 /* StateEndGame.cpp */,
			);
			path = src;
			sourceTree = "<group>";
		};
		2512A06428534FD400AEE8BB /* inc */ = {
			isa = PBXGroup;
			children = (
				25AF6B8A2853A2350046BB85 /* Definitions.hpp */,
				25AF6B6C28538D900046BB85 /* InputManager.hpp */,
				2512A07C285377EA00AEE8BB /* AssetManager.hpp */,
				25AF6B6F285390740046BB85 /* Game.hpp */,
				2512A0612853437000AEE8BB /* State.hpp */,
				2512A07928536F0B00AEE8BB /* StateMachine.hpp */,
				25AF6B902853A3A00046BB85 /* StateSplash.hpp */,
				25AF6B932857B3890046BB85 /* StateMainMenu.hpp */,
				25AF6B9F2857E74B0046BB85 /* StateSettings.hpp */,
				25AF6B962857BD9E0046BB85 /* StateGame.hpp */,
				25AF6B992857C65A0046BB85 /* StatePause.hpp */,
				25AF6B9C2857DD9F0046BB85 /* StateEndGame.hpp */,
			);
			path = inc;
			sourceTree = "<group>";
		};
		25AF6B712853977D0046BB85 /* Resources */ = {
			isa = PBXGroup;
			children = (
				25AF6B7328539FC90046BB85 /* Fonts */,
				25AF6B7228539FC10046BB85 /* UI */,
			);
			path = Resources;
			sourceTree = "<group>";
		};
		25AF6B7228539FC10046BB85 /* UI */ = {
			isa = PBXGroup;
			children = (
				25B77EFC285CE44D00C6E43F /* Minus_Button.png */,
				25B77EFB285CE44D00C6E43F /* Plus_Button.png */,
				25B77F03285D032400C6E43F /* Display_3.png */,
				25B77F06285D04A300C6E43F /* Display_4.png */,
				25B77F07285D059100C6E43F /* Replay_Button.png */,
				25B77F04285D04A300C6E43F /* Display_5.png */,
				25B77F05285D04A300C6E43F /* Display_6.png */,
				25B77F00285CF9B500C6E43F /* Title_Draw.png */,
				25B77EFE285CF42600C6E43F /* Title_O_Win.png */,
				25B77EFF285CF42600C6E43F /* Title_X_Win.png */,
				25B77EF0285CBE2800C6E43F /* Title_Pause.png */,
				25B77EFD285CE83600C6E43F /* Settings Button.png */,
				25B77F01285CFF2A00C6E43F /* Title_Grid_Size.png */,
				25B77EEA285CB62400C6E43F /* Grid 4.png */,
				25B77EF6285CD9FC00C6E43F /* O_Win.png */,
				25B77EF5285CD9FC00C6E43F /* X_Win.png */,
				25B77EF2285CCB5500C6E43F /* Game 2.png */,
				25B77EF7285CDCDC00C6E43F /* Pause_Button.png */,
				25B77EF1285CCB5500C6E43F /* Menu 2.png */,
				25B77EEE285CBC3A00C6E43F /* Game.png */,
				25B77EEF285CBC3A00C6E43F /* Menu.png */,
				25B77F08285D071500C6E43F /* Grid 3.png */,
				25B77EEB285CB7B300C6E43F /* Grid 5.png */,
				25B77EED285CBB6100C6E43F /* Splash_back.png */,
				25B77EE9285CAF9B00C6E43F /* Grid 6.png */,
				25B77EFA285CE2A500C6E43F /* Title_Settings.png */,
				25AF6B8228539FE40046BB85 /* Home Button.png */,
				25B77EEC285CBAEB00C6E43F /* Title.png */,
				25B77EF8285CDE2E00C6E43F /* Play Button.png */,
				25AF6B8328539FE40046BB85 /* O.png */,
				25AF6B8628539FE40046BB85 /* X.png */,
			);
			path = UI;
			sourceTree = "<group>";
		};
		25AF6B7328539FC90046BB85 /* Fonts */ = {
			isa = PBXGroup;
			children = (
				25AF6B8728539FF00046BB85 /* arial.ttf */,
				25AF6B8828539FF00046BB85 /* Marker Felt.ttf */,
			);
			path = Fonts;
			sourceTree = "<group>";
		};
/* End PBXGroup section */

/* Begin PBXNativeTarget section */
		2512A04C2853404D00AEE8BB /* SFML TicTacToe */ = {
			isa = PBXNativeTarget;
			buildConfigurationList = 2512A0542853404D00AEE8BB /* Build configuration list for PBXNativeTarget "SFML TicTacToe" */;
			buildPhases = (
				2512A0492853404D00AEE8BB /* Sources */,
				2512A04A2853404D00AEE8BB /* Frameworks */,
				2512A04B2853404D00AEE8BB /* CopyFiles */,
			);
			buildRules = (
			);
			dependencies = (
			);
			name = "SFML TicTacToe";
			productName = "SFML TicTacToe";
			productReference = 2512A04D2853404D00AEE8BB /* SFML TicTacToe */;
			productType = "com.apple.product-type.tool";
		};
/* End PBXNativeTarget section */

/* Begin PBXProject section */
		2512A0452853404D00AEE8BB /* Project object */ = {
			isa = PBXProject;
			attributes = {
				BuildIndependentTargetsInParallel = 1;
				LastUpgradeCheck = 1340;
				TargetAttributes = {
					2512A04C2853404D00AEE8BB = {
						CreatedOnToolsVersion = 13.4.1;
					};
				};
			};
			buildConfigurationList = 2512A0482853404D00AEE8BB /* Build configuration list for PBXProject "SFML TicTacToe" */;
			compatibilityVersion = "Xcode 13.0";
			developmentRegion = en;
			hasScannedForEncodings = 0;
			knownRegions = (
				en,
				Base,
			);
			mainGroup = 2512A0442853404D00AEE8BB;
			productRefGroup = 2512A04E2853404D00AEE8BB /* Products */;
			projectDirPath = "";
			projectRoot = "";
			targets = (
				2512A04C2853404D00AEE8BB /* SFML TicTacToe */,
			);
		};
/* End PBXProject section */

/* Begin PBXSourcesBuildPhase section */
		2512A0492853404D00AEE8BB /* Sources */ = {
			isa = PBXSourcesBuildPhase;
			buildActionMask = 2147483647;
			files = (
				2512A07D285377EA00AEE8BB /* AssetManager.cpp in Sources */,
				2512A0512853404D00AEE8BB /* main.cpp in Sources */,
				25AF6B972857BD9E0046BB85 /* StateGame.cpp in Sources */,
				25AF6B912853A3A00046BB85 /* StateSplash.cpp in Sources */,
				25AF6BA02857E74B0046BB85 /* StateSettings.cpp in Sources */,
				25AF6B9A2857C65A0046BB85 /* StatePause.cpp in Sources */,
				2512A0622853437000AEE8BB /* State.cpp in Sources */,
				25AF6B70285390740046BB85 /* Game.cpp in Sources */,
				25AF6B942857B3890046BB85 /* StateMainMenu.cpp in Sources */,
				2512A07A28536F0B00AEE8BB /* StateMachine.cpp in Sources */,
				25AF6B9D2857DD9F0046BB85 /* StateEndGame.cpp in Sources */,
				25AF6B6D28538D900046BB85 /* InputManager.cpp in Sources */,
			);
			runOnlyForDeploymentPostprocessing = 0;
		};
/* End PBXSourcesBuildPhase section */

/* Begin XCBuildConfiguration section */
		2512A0522853404D00AEE8BB /* Debug */ = {
			isa = XCBuildConfiguration;
			buildSettings = {
				ALWAYS_SEARCH_USER_PATHS = NO;
				CLANG_ANALYZER_NONNULL = YES;
				CLANG_ANALYZER_NUMBER_OBJECT_CONVERSION = YES_AGGRESSIVE;
				CLANG_CXX_LANGUAGE_STANDARD = "gnu++17";
				CLANG_ENABLE_MODULES = YES;
				CLANG_ENABLE_OBJC_ARC = YES;
				CLANG_ENABLE_OBJC_WEAK = YES;
				CLANG_WARN_BLOCK_CAPTURE_AUTORELEASING = YES;
				CLANG_WARN_BOOL_CONVERSION = YES;
				CLANG_WARN_COMMA = YES;
				CLANG_WARN_CONSTANT_CONVERSION = YES;
				CLANG_WARN_DEPRECATED_OBJC_IMPLEMENTATIONS = YES;
				CLANG_WARN_DIRECT_OBJC_ISA_USAGE = YES_ERROR;
				CLANG_WARN_DOCUMENTATION_COMMENTS = YES;
				CLANG_WARN_EMPTY_BODY = YES;
				CLANG_WARN_ENUM_CONVERSION = YES;
				CLANG_WARN_INFINITE_RECURSION = YES;
				CLANG_WARN_INT_CONVERSION = YES;
				CLANG_WARN_NON_LITERAL_NULL_CONVERSION = YES;
				CLANG_WARN_OBJC_IMPLICIT_RETAIN_SELF = YES;
				CLANG_WARN_OBJC_LITERAL_CONVERSION = YES;
				CLANG_WARN_OBJC_ROOT_CLASS = YES_ERROR;
				CLANG_WARN_QUOTED_INCLUDE_IN_FRAMEWORK_HEADER = YES;
				CLANG_WARN_RANGE_LOOP_ANALYSIS = YES;
				CLANG_WARN_STRICT_PROTOTYPES = YES;
				CLANG_WARN_SUSPICIOUS_MOVE = YES;
				CLANG_WARN_UNGUARDED_AVAILABILITY = YES_AGGRESSIVE;
				CLANG_WARN_UNREACHABLE_CODE = YES;
				CLANG_WARN__DUPLICATE_METHOD_MATCH = YES;
				COPY_PHASE_STRIP = NO;
				DEBUG_INFORMATION_FORMAT = dwarf;
				ENABLE_STRICT_OBJC_MSGSEND = YES;
				ENABLE_TESTABILITY = YES;
				GCC_C_LANGUAGE_STANDARD = gnu11;
				GCC_DYNAMIC_NO_PIC = NO;
				GCC_NO_COMMON_BLOCKS = YES;
				GCC_OPTIMIZATION_LEVEL = 0;
				GCC_PREPROCESSOR_DEFINITIONS = (
					"DEBUG=1",
					"$(inherited)",
				);
				GCC_WARN_64_TO_32_BIT_CONVERSION = YES;
				GCC_WARN_ABOUT_RETURN_TYPE = YES_ERROR;
				GCC_WARN_UNDECLARED_SELECTOR = YES;
				GCC_WARN_UNINITIALIZED_AUTOS = YES_AGGRESSIVE;
				GCC_WARN_UNUSED_FUNCTION = YES;
				GCC_WARN_UNUSED_VARIABLE = YES;
				MACOSX_DEPLOYMENT_TARGET = 12.3;
				MTL_ENABLE_DEBUG_INFO = INCLUDE_SOURCE;
				MTL_FAST_MATH = YES;
				ONLY_ACTIVE_ARCH = YES;
				SDKROOT = macosx;
			};
			name = Debug;
		};
		2512A0532853404D00AEE8BB /* Release */ = {
			isa = XCBuildConfiguration;
			buildSettings = {
				ALWAYS_SEARCH_USER_PATHS = NO;
				CLANG_ANALYZER_NONNULL = YES;
				CLANG_ANALYZER_NUMBER_OBJECT_CONVERSION = YES_AGGRESSIVE;
				CLANG_CXX_LANGUAGE_STANDARD = "gnu++17";
				CLANG_ENABLE_MODULES = YES;
				CLANG_ENABLE_OBJC_ARC = YES;
				CLANG_ENABLE_OBJC_WEAK = YES;
				CLANG_WARN_BLOCK_CAPTURE_AUTORELEASING = YES;
				CLANG_WARN_BOOL_CONVERSION = YES;
				CLANG_WARN_COMMA = YES;
				CLANG_WARN_CONSTANT_CONVERSION = YES;
				CLANG_WARN_DEPRECATED_OBJC_IMPLEMENTATIONS = YES;
				CLANG_WARN_DIRECT_OBJC_ISA_USAGE = YES_ERROR;
				CLANG_WARN_DOCUMENTATION_COMMENTS = YES;
				CLANG_WARN_EMPTY_BODY = YES;
				CLANG_WARN_ENUM_CONVERSION = YES;
				CLANG_WARN_INFINITE_RECURSION = YES;
				CLANG_WARN_INT_CONVERSION = YES;
				CLANG_WARN_NON_LITERAL_NULL_CONVERSION = YES;
				CLANG_WARN_OBJC_IMPLICIT_RETAIN_SELF = YES;
				CLANG_WARN_OBJC_LITERAL_CONVERSION = YES;
				CLANG_WARN_OBJC_ROOT_CLASS = YES_ERROR;
				CLANG_WARN_QUOTED_INCLUDE_IN_FRAMEWORK_HEADER = YES;
				CLANG_WARN_RANGE_LOOP_ANALYSIS = YES;
				CLANG_WARN_STRICT_PROTOTYPES = YES;
				CLANG_WARN_SUSPICIOUS_MOVE = YES;
				CLANG_WARN_UNGUARDED_AVAILABILITY = YES_AGGRESSIVE;
				CLANG_WARN_UNREACHABLE_CODE = YES;
				CLANG_WARN__DUPLICATE_METHOD_MATCH = YES;
				COPY_PHASE_STRIP = NO;
				DEBUG_INFORMATION_FORMAT = "dwarf-with-dsym";
				ENABLE_NS_ASSERTIONS = NO;
				ENABLE_STRICT_OBJC_MSGSEND = YES;
				GCC_C_LANGUAGE_STANDARD = gnu11;
				GCC_NO_COMMON_BLOCKS = YES;
				GCC_WARN_64_TO_32_BIT_CONVERSION = YES;
				GCC_WARN_ABOUT_RETURN_TYPE = YES_ERROR;
				GCC_WARN_UNDECLARED_SELECTOR = YES;
				GCC_WARN_UNINITIALIZED_AUTOS = YES_AGGRESSIVE;
				GCC_WARN_UNUSED_FUNCTION = YES;
				GCC_WARN_UNUSED_VARIABLE = YES;
				MACOSX_DEPLOYMENT_TARGET = 12.3;
				MTL_ENABLE_DEBUG_INFO = NO;
				MTL_FAST_MATH = YES;
				SDKROOT = macosx;
			};
			name = Release;
		};
		2512A0552853404D00AEE8BB /* Debug */ = {
			isa = XCBuildConfiguration;
			buildSettings = {
				CODE_SIGN_STYLE = Automatic;
				DEVELOPMENT_TEAM = Q6DXJ6J4G8;
				ENABLE_HARDENED_RUNTIME = YES;
				HEADER_SEARCH_PATHS = /usr/local/include;
				LIBRARY_SEARCH_PATHS = (
					"$(inherited)",
					/usr/local/Cellar/sfml/2.5.1_1/lib,
				);
				PRODUCT_NAME = "$(TARGET_NAME)";
			};
			name = Debug;
		};
		2512A0562853404D00AEE8BB /* Release */ = {
			isa = XCBuildConfiguration;
			buildSettings = {
				CODE_SIGN_STYLE = Automatic;
				DEVELOPMENT_TEAM = Q6DXJ6J4G8;
				ENABLE_HARDENED_RUNTIME = YES;
				HEADER_SEARCH_PATHS = /usr/local/include;
				LIBRARY_SEARCH_PATHS = (
					"$(inherited)",
					/usr/local/Cellar/sfml/2.5.1_1/lib,
				);
				PRODUCT_NAME = "$(TARGET_NAME)";
			};
			name = Release;
		};
/* End XCBuildConfiguration section */

/* Begin XCConfigurationList section */
		2512A0482853404D00AEE8BB /* Build configuration list for PBXProject "SFML TicTacToe" */ = {
			isa = XCConfigurationList;
			buildConfigurations = (
				2512A0522853404D00AEE8BB /* Debug */,
				2512A0532853404D00AEE8BB /* Release */,
			);
			defaultConfigurationIsVisible = 0;
			defaultConfigurationName = Release;
		};
		2512A0542853404D00AEE8BB /* Build configuration list for PBXNativeTarget "SFML TicTacToe" */ = {
			isa = XCConfigurationList;
			buildConfigurations = (
				2512A0552853404D00AEE8BB /* Debug */,
				2512A0562853404D00AEE8BB /* Release */,
			);
			defaultConfigurationIsVisible = 0;
			defaultConfigurationName = Release;
		};
/* End XCConfigurationList section */
	};
	rootObject = 2512A0452853404D00AEE8BB /* Project object */;
}
